{
  "name": "opencode",
  "lockfileVersion": 3,
  "requires": true,
  "packages": {
    "": {
      "dependencies": {
        "@opencode-ai/plugin": "1.2.26",
        "@tarquinen/opencode-dcp": "^3.0.2"
      }
    },
    "node_modules/@anthropic-ai/tokenizer": {
      "version": "0.0.4",
      "resolved": "https://registry.npmjs.org/@anthropic-ai/tokenizer/-/tokenizer-0.0.4.tgz",
      "integrity": "sha512-EHRKbxlxlc8W4KCBEseByJ7YwyYCmgu9OyN59H9+IYIGPoKv8tXyQXinkeGDI+cI8Tiuz9wk2jZb/kK7AyvL7g==",
      "license": "Apache-2.0",
      "dependencies": {
        "@types/node": "^18.11.18",
        "tiktoken": "^1.0.10"
      }
    },
    "node_modules/@opencode-ai/plugin": {
      "version": "1.2.26",
      "license": "MIT",
      "dependencies": {
        "@opencode-ai/sdk": "1.2.26",
        "zod": "4.1.8"
      }
    },
    "node_modules/@opencode-ai/sdk": {
      "version": "1.2.26",
      "license": "MIT"
    },
    "node_modules/@tarquinen/opencode-dcp": {
      "version": "3.0.2",
      "resolved": "https://registry.npmjs.org/@tarquinen/opencode-dcp/-/opencode-dcp-3.0.2.tgz",
      "integrity": "sha512-mKbIwaSQt7CoIv8APL4XSSpfdjJAiFQzeqiGf0G6MZPPtVbuo3h1w0UrNyvXS5RjaOAjaMnwi+nnCE3iSrf09w==",
      "license": "AGPL-3.0-or-later",
      "dependencies": {
        "@anthropic-ai/tokenizer": "^0.0.4",
        "@opencode-ai/sdk": "^1.1.48",
        "fuzzball": "^2.2.3",
        "jsonc-parser": "^3.3.1",
        "zod": "^4.3.6"
      },
      "peerDependencies": {
        "@opencode-ai/plugin": ">=0.13.7"
      }
    },
    "node_modules/@tarquinen/opencode-dcp/node_modules/zod": {
      "version": "4.3.6",
      "resolved": "https://registry.npmjs.org/zod/-/zod-4.3.6.tgz",
      "integrity": "sha512-rftlrkhHZOcjDwkGlnUtZZkvaPHCsDATp4pGpuOOMDaTdDDXF91wuVDJoWoPsKX/3YPQ5fHuF3STjcYyKr+Qhg==",
      "license": "MIT",
      "funding": {
        "url": "https://github.com/sponsors/colinhacks"
      }
    },
    "node_modules/@types/node": {
      "version": "18.19.130",
      "resolved": "https://registry.npmjs.org/@types/node/-/node-18.19.130.tgz",
      "integrity": "sha512-GRaXQx6jGfL8sKfaIDD6OupbIHBr9jv7Jnaml9tB7l4v068PAOXqfcujMMo5PhbIs6ggR1XODELqahT2R8v0fg==",
      "license": "MIT",
      "dependencies": {
        "undici-types": "~5.26.4"
      }
    },
    "node_modules/fuzzball": {
      "version": "2.2.3",
      "resolved": "https://registry.npmjs.org/fuzzball/-/fuzzball-2.2.3.tgz",
      "integrity": "sha512-sQDb3kjI7auA4YyE1YgEW85MTparcSgRgcCweUK06Cn0niY5lN+uhFiRUZKN4MQVGGiHxlbrYCA4nL1QjOXBLQ==",
      "license": "MIT",
      "dependencies": {
        "heap": ">=0.2.0",
        "lodash": "^4.17.21",
        "setimmediate": "^1.0.5"
      }
    },
    "node_modules/heap": {
      "version": "0.2.7",
      "resolved": "https://registry.npmjs.org/heap/-/heap-0.2.7.tgz",
      "integrity": "sha512-2bsegYkkHO+h/9MGbn6KWcE45cHZgPANo5LXF7EvWdT0yT2EguSVO1nDgU5c8+ZOPwp2vMNa7YFsJhVcDR9Sdg==",
      "license": "MIT"
    },
    "node_modules/jsonc-parser": {
      "version": "3.3.1",
      "resolved": "https://registry.npmjs.org/jsonc-parser/-/jsonc-parser-3.3.1.tgz",
      "integrity": "sha512-HUgH65KyejrUFPvHFPbqOY0rsFip3Bo5wb4ngvdi1EpCYWUQDC5V+Y7mZws+DLkr4M//zQJoanu1SP+87Dv1oQ==",
      "license": "MIT"
    },
    "node_modules/lodash": {
      "version": "4.17.23",
      "resolved": "https://registry.npmjs.org/lodash/-/lodash-4.17.23.tgz",
      "integrity": "sha512-LgVTMpQtIopCi79SJeDiP0TfWi5CNEc/L/aRdTh3yIvmZXTnheWpKjSZhnvMl8iXbC1tFg9gdHHDMLoV7CnG+w==",
      "license": "MIT"
    },
    "node_modules/setimmediate": {
      "version": "1.0.5",
      "resolved": "https://registry.npmjs.org/setimmediate/-/setimmediate-1.0.5.tgz",
      "integrity": "sha512-MATJdZp8sLqDl/68LfQmbP8zKPLQNV6BIZoIgrscFDQ+RsvK/BxeDQOgyxKKoh0y/8h3BqVFnCqQ/gd+reiIXA==",
      "license": "MIT"
    },
    "node_modules/tiktoken": {
      "version": "1.0.22",
      "resolved": "https://registry.npmjs.org/tiktoken/-/tiktoken-1.0.22.tgz",
      "integrity": "sha512-PKvy1rVF1RibfF3JlXBSP0Jrcw2uq3yXdgcEXtKTYn3QJ/cBRBHDnrJ5jHky+MENZ6DIPwNUGWpkVx+7joCpNA==",
      "license": "MIT"
    },
    "node_modules/undici-types": {
      "version": "5.26.5",
      "resolved": "https://registry.npmjs.org/undici-types/-/undici-types-5.26.5.tgz",
      "integrity": "sha512-JlCMO+ehdEIKqlFxk6IfVoAUVmgz7cU7zD/h9XZ0qzeosSHmUJVOzSQvvYSYWXkFXC+IfLKSIffhv0sVZup6pA==",
      "license": "MIT"
    },
    "node_modules/zod": {
      "version": "4.1.8",
      "license": "MIT",
      "funding": {
        "url": "https://github.com/sponsors/colinhacks"
      }
    }
  }
}
