{
  "name": ".opencode",
  "lockfileVersion": 3,
  "requires": true,
  "packages": {
    "": {
      "dependencies": {
        "@opencode-ai/plugin": "1.2.18"
      }
    },
    "node_modules/@opencode-ai/plugin": {
      "version": "1.2.18",
      "resolved": "https://registry.npmjs.org/@opencode-ai/plugin/-/plugin-1.2.18.tgz",
      "integrity": "sha512-5GwHnWPWLuKKenOpJHGxF2L2NLe1q35jYlyC777EIUb1bQJdGyRRWjYloI3Iq0/7PDR1t2xf5dADTdVVOT8wmQ==",
      "license": "MIT",
      "dependencies": {
        "@opencode-ai/sdk": "1.2.18",
        "zod": "4.1.8"
      }
    },
    "node_modules/@opencode-ai/sdk": {
      "version": "1.2.18",
      "resolved": "https://registry.npmjs.org/@opencode-ai/sdk/-/sdk-1.2.18.tgz",
      "integrity": "sha512-MJhnCtbZDxi6QOF2hDOCVzqBX0PjXWhRU/DNvIWGAHrPzUQ836mVu0QG+KIWxIUxAcOFcQmYfABr2YiawN8a0Q==",
      "license": "MIT"
    },
    "node_modules/zod": {
      "version": "4.1.8",
      "license": "MIT",
      "funding": {
        "url": "https://github.com/sponsors/colinhacks"
      }
    }
  }
}
